<Solution>
  <Project Path="HlumisaProperties.Api/HlumisaProperties.Api.csproj" Id="136bfe7d-a8da-4538-a8ae-07f8f107236e" />
  <Project Path="HlumisaProperties.Application/HlumisaProperties.Application.csproj" />
  <Project Path="HlumisaProperties.Domain/HlumisaProperties.Domain.csproj" />
  <Project Path="HlumisaProperties.Infrastructure/HlumisaProperties.Infrastructure.csproj" />
</Solution>
